// !$*UTF8*$!
{
	archiveVersion = 1;
	classes = {
	};
	objectVersion = 55;
	objects = {

/* Begin PBXBuildFile section */
		2108332D286A563C00C99655 /* LoginViewController.m in Sources */ = {isa = PBXBuildFile; fileRef = 2108332C286A563C00C99655 /* LoginViewController.m */; };
		21083330286A620700C99655 /* TimelineViewController.m in Sources */ = {isa = PBXBuildFile; fileRef = 2108332F286A620700C99655 /* TimelineViewController.m */; };
		215F60E0286A460F002DBB42 /* AppDelegate.m in Sources */ = {isa = PBXBuildFile; fileRef = 215F60DF286A460F002DBB42 /* AppDelegate.m */; };
		215F60E3286A460F002DBB42 /* SceneDelegate.m in Sources */ = {isa = PBXBuildFile; fileRef = 215F60E2286A460F002DBB42 /* SceneDelegate.m */; };
		215F60E6286A460F002DBB42 /* ViewController.m in Sources */ = {isa = PBXBuildFile; fileRef = 215F60E5286A460F002DBB42 /* ViewController.m */; };
		215F60E9286A460F002DBB42 /* Main.storyboard in Resources */ = {isa = PBXBuildFile; fileRef = 215F60E7286A460F002DBB42 /* Main.storyboard */; };
		215F60EB286A4610002DBB42 /* Assets.xcassets in Resources */ = {isa = PBXBuildFile; fileRef = 215F60EA286A4610002DBB42 /* Assets.xcassets */; };
		215F60EE286A4610002DBB42 /* LaunchScreen.storyboard in Resources */ = {isa = PBXBuildFile; fileRef = 215F60EC286A4610002DBB42 /* LaunchScreen.storyboard */; };
		215F60F1286A4610002DBB42 /* main.m in Sources */ = {isa = PBXBuildFile; fileRef = 215F60F0286A4610002DBB42 /* main.m */; };
		215F60FB286A4610002DBB42 /* InstagramTests.m in Sources */ = {isa = PBXBuildFile; fileRef = 215F60FA286A4610002DBB42 /* InstagramTests.m */; };
		215F6105286A4610002DBB42 /* InstagramUITests.m in Sources */ = {isa = PBXBuildFile; fileRef = 215F6104286A4610002DBB42 /* InstagramUITests.m */; };
		215F6107286A4610002DBB42 /* InstagramUITestsLaunchTests.m in Sources */ = {isa = PBXBuildFile; fileRef = 215F6106286A4610002DBB42 /* InstagramUITestsLaunchTests.m */; };
		71AD9A6F62BEDF646A88884B /* Pods_InstagramTests.framework in Frameworks */ = {isa = PBXBuildFile; fileRef = 1704594B127287073C6C0824 /* Pods_InstagramTests.framework */; };
		A435B6595A16103ECB74604F /* Pods_Instagram_InstagramUITests.framework in Frameworks */ = {isa = PBXBuildFile; fileRef = EE908A7F3B8F65392E2F6006 /* Pods_Instagram_InstagramUITests.framework */; };
		ED9195C66BFD53C344854407 /* Pods_Instagram.framework in Frameworks */ = {isa = PBXBuildFile; fileRef = 3B3BD207A55E6948CE1F3A4A /* Pods_Instagram.framework */; };
/* End PBXBuildFile section */

/* Begin PBXContainerItemProxy section */
		215F60F7286A4610002DBB42 /* PBXContainerItemProxy */ = {
			isa = PBXContainerItemProxy;
			containerPortal = 215F60D3286A460F002DBB42 /* Project object */;
			proxyType = 1;
			remoteGlobalIDString = 215F60DA286A460F002DBB42;
			remoteInfo = Instagram;
		};
		215F6101286A4610002DBB42 /* PBXContainerItemProxy */ = {
			isa = PBXContainerItemProxy;
			containerPortal = 215F60D3286A460F002DBB42 /* Project object */;
			proxyType = 1;
			remoteGlobalIDString = 215F60DA286A460F002DBB42;
			remoteInfo = Instagram;
		};
/* End PBXContainerItemProxy section */

/* Begin PBXFileReference section */
		02693D233166F2F55FF095CF /* Pods-InstagramTests.release.xcconfig */ = {isa = PBXFileReference; includeInIndex = 1; lastKnownFileType = text.xcconfig; name = "Pods-InstagramTests.release.xcconfig"; path = "Target Support Files/Pods-InstagramTests/Pods-InstagramTests.release.xcconfig"; sourceTree = "<group>"; };
		1704594B127287073C6C0824 /* Pods_InstagramTests.framework */ = {isa = PBXFileReference; explicitFileType = wrapper.framework; includeInIndex = 0; path = Pods_InstagramTests.framework; sourceTree = BUILT_PRODUCTS_DIR; };
		1E7DD8419D7D37DDEA333D8A /* Pods-Instagram-InstagramUITests.debug.xcconfig */ = {isa = PBXFileReference; includeInIndex = 1; lastKnownFileType = text.xcconfig; name = "Pods-Instagram-InstagramUITests.debug.xcconfig"; path = "Target Support Files/Pods-Instagram-InstagramUITests/Pods-Instagram-InstagramUITests.debug.xcconfig"; sourceTree = "<group>"; };
		2108332B286A563C00C99655 /* LoginViewController.h */ = {isa = PBXFileReference; lastKnownFileType = sourcecode.c.h; path = LoginViewController.h; sourceTree = "<group>"; };
		2108332C286A563C00C99655 /* LoginViewController.m */ = {isa = PBXFileReference; lastKnownFileType = sourcecode.c.objc; path = LoginViewController.m; sourceTree = "<group>"; };
		2108332E286A620700C99655 /* TimelineViewController.h */ = {isa = PBXFileReference; lastKnownFileType = sourcecode.c.h; path = TimelineViewController.h; sourceTree = "<group>"; };
		2108332F286A620700C99655 /* TimelineViewController.m */ = {isa = PBXFileReference; lastKnownFileType = sourcecode.c.objc; path = TimelineViewController.m; sourceTree = "<group>"; };
		215F60DB286A460F002DBB42 /* Instagram.app */ = {isa = PBXFileReference; explicitFileType = wrapper.application; includeInIndex = 0; path = Instagram.app; sourceTree = BUILT_PRODUCTS_DIR; };
		215F60DE286A460F002DBB42 /* AppDelegate.h */ = {isa = PBXFileReference; lastKnownFileType = sourcecode.c.h; path = AppDelegate.h; sourceTree = "<group>"; };
		215F60DF286A460F002DBB42 /* AppDelegate.m */ = {isa = PBXFileReference; lastKnownFileType = sourcecode.c.objc; path = AppDelegate.m; sourceTree = "<group>"; };
		215F60E1286A460F002DBB42 /* SceneDelegate.h */ = {isa = PBXFileReference; lastKnownFileType = sourcecode.c.h; path = SceneDelegate.h; sourceTree = "<group>"; };
		215F60E2286A460F002DBB42 /* SceneDelegate.m */ = {isa = PBXFileReference; lastKnownFileType = sourcecode.c.objc; path = SceneDelegate.m; sourceTree = "<group>"; };
		215F60E4286A460F002DBB42 /* ViewController.h */ = {isa = PBXFileReference; lastKnownFileType = sourcecode.c.h; path = ViewController.h; sourceTree = "<group>"; };
		215F60E5286A460F002DBB42 /* ViewController.m */ = {isa = PBXFileReference; lastKnownFileType = sourcecode.c.objc; path = ViewController.m; sourceTree = "<group>"; };
		215F60E8286A460F002DBB42 /* Base */ = {isa = PBXFileReference; lastKnownFileType = file.storyboard; name = Base; path = Base.lproj/Main.storyboard; sourceTree = "<group>"; };
		215F60EA286A4610002DBB42 /* Assets.xcassets */ = {isa = PBXFileReference; lastKnownFileType = folder.assetcatalog; path = Assets.xcassets; sourceTree = "<group>"; };
		215F60ED286A4610002DBB42 /* Base */ = {isa = PBXFileReference; lastKnownFileType = file.storyboard; name = Base; path = Base.lproj/LaunchScreen.storyboard; sourceTree = "<group>"; };
		215F60EF286A4610002DBB42 /* Info.plist */ = {isa = PBXFileReference; lastKnownFileType = text.plist.xml; path = Info.plist; sourceTree = "<group>"; };
		215F60F0286A4610002DBB42 /* main.m */ = {isa = PBXFileReference; lastKnownFileType = sourcecode.c.objc; path = main.m; sourceTree = "<group>"; };
		215F60F6286A4610002DBB42 /* InstagramTests.xctest */ = {isa = PBXFileReference; explicitFileType = wrapper.cfbundle; includeInIndex = 0; path = InstagramTests.xctest; sourceTree = BUILT_PRODUCTS_DIR; };
		215F60FA286A4610002DBB42 /* InstagramTests.m */ = {isa = PBXFileReference; lastKnownFileType = sourcecode.c.objc; path = InstagramTests.m; sourceTree = "<group>"; };
		215F6100286A4610002DBB42 /* InstagramUITests.xctest */ = {isa = PBXFileReference; explicitFileType = wrapper.cfbundle; includeInIndex = 0; path = InstagramUITests.xctest; sourceTree = BUILT_PRODUCTS_DIR; };
		215F6104286A4610002DBB42 /* InstagramUITests.m */ = {isa = PBXFileReference; lastKnownFileType = sourcecode.c.objc; path = InstagramUITests.m; sourceTree = "<group>"; };
		215F6106286A4610002DBB42 /* InstagramUITestsLaunchTests.m */ = {isa = PBXFileReference; lastKnownFileType = sourcecode.c.objc; path = InstagramUITestsLaunchTests.m; sourceTree = "<group>"; };
		2EDCE11C1F33056819D84E65 /* Pods-Instagram.debug.xcconfig */ = {isa = PBXFileReference; includeInIndex = 1; lastKnownFileType = text.xcconfig; name = "Pods-Instagram.debug.xcconfig"; path = "Target Support Files/Pods-Instagram/Pods-Instagram.debug.xcconfig"; sourceTree = "<group>"; };
		3B3BD207A55E6948CE1F3A4A /* Pods_Instagram.framework */ = {isa = PBXFileReference; explicitFileType = wrapper.framework; includeInIndex = 0; path = Pods_Instagram.framework; sourceTree = BUILT_PRODUCTS_DIR; };
		8DC9E634E4482E0D765A40F3 /* Pods-InstagramTests.debug.xcconfig */ = {isa = PBXFileReference; includeInIndex = 1; lastKnownFileType = text.xcconfig; name = "Pods-InstagramTests.debug.xcconfig"; path = "Target Support Files/Pods-InstagramTests/Pods-InstagramTests.debug.xcconfig"; sourceTree = "<group>"; };
		9CC04C671D7E52DD998798AC /* Pods-Instagram-InstagramUITests.release.xcconfig */ = {isa = PBXFileReference; includeInIndex = 1; lastKnownFileType = text.xcconfig; name = "Pods-Instagram-InstagramUITests.release.xcconfig"; path = "Target Support Files/Pods-Instagram-InstagramUITests/Pods-Instagram-InstagramUITests.release.xcconfig"; sourceTree = "<group>"; };
		EE908A7F3B8F65392E2F6006 /* Pods_Instagram_InstagramUITests.framework */ = {isa = PBXFileReference; explicitFileType = wrapper.framework; includeInIndex = 0; path = Pods_Instagram_InstagramUITests.framework; sourceTree = BUILT_PRODUCTS_DIR; };
		FFC85C53959150F59222885A /* Pods-Instagram.release.xcconfig */ = {isa = PBXFileReference; includeInIndex = 1; lastKnownFileType = text.xcconfig; name = "Pods-Instagram.release.xcconfig"; path = "Target Support Files/Pods-Instagram/Pods-Instagram.release.xcconfig"; sourceTree = "<group>"; };
/* End PBXFileReference section */

/* Begin PBXFrameworksBuildPhase section */
		215F60D8286A460F002DBB42 /* Frameworks */ = {
			isa = PBXFrameworksBuildPhase;
			buildActionMask = 2147483647;
			files = (
				ED9195C66BFD53C344854407 /* Pods_Instagram.framework in Frameworks */,
			);
			runOnlyForDeploymentPostprocessing = 0;
		};
		215F60F3286A4610002DBB42 /* Frameworks */ = {
			isa = PBXFrameworksBuildPhase;
			buildActionMask = 2147483647;
			files = (
				71AD9A6F62BEDF646A88884B /* Pods_InstagramTests.framework in Frameworks */,
			);
			runOnlyForDeploymentPostprocessing = 0;
		};
		215F60FD286A4610002DBB42 /* Frameworks */ = {
			isa = PBXFrameworksBuildPhase;
			buildActionMask = 2147483647;
			files = (
				A435B6595A16103ECB74604F /* Pods_Instagram_InstagramUITests.framework in Frameworks */,
			);
			runOnlyForDeploymentPostprocessing = 0;
		};
/* End PBXFrameworksBuildPhase section */

/* Begin PBXGroup section */
		215F60D2286A460F002DBB42 = {
			isa = PBXGroup;
			children = (
				215F60DD286A460F002DBB42 /* Instagram */,
				215F60F9286A4610002DBB42 /* InstagramTests */,
				215F6103286A4610002DBB42 /* InstagramUITests */,
				215F60DC286A460F002DBB42 /* Products */,
				375E413D0887DE8C50EDE0B2 /* Pods */,
				27CDEA710380273535294A6F /* Frameworks */,
			);
			sourceTree = "<group>";
		};
		215F60DC286A460F002DBB42 /* Products */ = {
			isa = PBXGroup;
			children = (
				215F60DB286A460F002DBB42 /* Instagram.app */,
				215F60F6286A4610002DBB42 /* InstagramTests.xctest */,
				215F6100286A4610002DBB42 /* InstagramUITests.xctest */,
			);
			name = Products;
			sourceTree = "<group>";
		};
		215F60DD286A460F002DBB42 /* Instagram */ = {
			isa = PBXGroup;
			children = (
				215F60DE286A460F002DBB42 /* AppDelegate.h */,
				215F60DF286A460F002DBB42 /* AppDelegate.m */,
				215F60E1286A460F002DBB42 /* SceneDelegate.h */,
				215F60E2286A460F002DBB42 /* SceneDelegate.m */,
				215F60E4286A460F002DBB42 /* ViewController.h */,
				215F60E5286A460F002DBB42 /* ViewController.m */,
				215F60E7286A460F002DBB42 /* Main.storyboard */,
				2108332B286A563C00C99655 /* LoginViewController.h */,
				2108332C286A563C00C99655 /* LoginViewController.m */,
				215F60EA286A4610002DBB42 /* Assets.xcassets */,
				215F60EC286A4610002DBB42 /* LaunchScreen.storyboard */,
				215F60EF286A4610002DBB42 /* Info.plist */,
				215F60F0286A4610002DBB42 /* main.m */,
				2108332E286A620700C99655 /* TimelineViewController.h */,
				2108332F286A620700C99655 /* TimelineViewController.m */,
			);
			path = Instagram;
			sourceTree = "<group>";
		};
		215F60F9286A4610002DBB42 /* InstagramTests */ = {
			isa = PBXGroup;
			children = (
				215F60FA286A4610002DBB42 /* InstagramTests.m */,
			);
			path = InstagramTests;
			sourceTree = "<group>";
		};
		215F6103286A4610002DBB42 /* InstagramUITests */ = {
			isa = PBXGroup;
			children = (
				215F6104286A4610002DBB42 /* InstagramUITests.m */,
				215F6106286A4610002DBB42 /* InstagramUITestsLaunchTests.m */,
			);
			path = InstagramUITests;
			sourceTree = "<group>";
		};
		27CDEA710380273535294A6F /* Frameworks */ = {
			isa = PBXGroup;
			children = (
				3B3BD207A55E6948CE1F3A4A /* Pods_Instagram.framework */,
				EE908A7F3B8F65392E2F6006 /* Pods_Instagram_InstagramUITests.framework */,
				1704594B127287073C6C0824 /* Pods_InstagramTests.framework */,
			);
			name = Frameworks;
			sourceTree = "<group>";
		};
		375E413D0887DE8C50EDE0B2 /* Pods */ = {
			isa = PBXGroup;
			children = (
				2EDCE11C1F33056819D84E65 /* Pods-Instagram.debug.xcconfig */,
				FFC85C53959150F59222885A /* Pods-Instagram.release.xcconfig */,
				1E7DD8419D7D37DDEA333D8A /* Pods-Instagram-InstagramUITests.debug.xcconfig */,
				9CC04C671D7E52DD998798AC /* Pods-Instagram-InstagramUITests.release.xcconfig */,
				8DC9E634E4482E0D765A40F3 /* Pods-InstagramTests.debug.xcconfig */,
				02693D233166F2F55FF095CF /* Pods-InstagramTests.release.xcconfig */,
			);
			path = Pods;
			sourceTree = "<group>";
		};
/* End PBXGroup section */

/* Begin PBXNativeTarget section */
		215F60DA286A460F002DBB42 /* Instagram */ = {
			isa = PBXNativeTarget;
			buildConfigurationList = 215F610A286A4610002DBB42 /* Build configuration list for PBXNativeTarget "Instagram" */;
			buildPhases = (
				5B57B60182BBA9BB91C6F4DD /* [CP] Check Pods Manifest.lock */,
				215F60D7286A460F002DBB42 /* Sources */,
				215F60D8286A460F002DBB42 /* Frameworks */,
				215F60D9286A460F002DBB42 /* Resources */,
				2A8E210C39C883B88A22790D /* [CP] Embed Pods Frameworks */,
			);
			buildRules = (
			);
			dependencies = (
			);
			name = Instagram;
			productName = Instagram;
			productReference = 215F60DB286A460F002DBB42 /* Instagram.app */;
			productType = "com.apple.product-type.application";
		};
		215F60F5286A4610002DBB42 /* InstagramTests */ = {
			isa = PBXNativeTarget;
			buildConfigurationList = 215F610D286A4610002DBB42 /* Build configuration list for PBXNativeTarget "InstagramTests" */;
			buildPhases = (
				3CFCC9652AF766201514656E /* [CP] Check Pods Manifest.lock */,
				215F60F2286A4610002DBB42 /* Sources */,
				215F60F3286A4610002DBB42 /* Frameworks */,
				215F60F4286A4610002DBB42 /* Resources */,
			);
			buildRules = (
			);
			dependencies = (
				215F60F8286A4610002DBB42 /* PBXTargetDependency */,
			);
			name = InstagramTests;
			productName = InstagramTests;
			productReference = 215F60F6286A4610002DBB42 /* InstagramTests.xctest */;
			productType = "com.apple.product-type.bundle.unit-test";
		};
		215F60FF286A4610002DBB42 /* InstagramUITests */ = {
			isa = PBXNativeTarget;
			buildConfigurationList = 215F6110286A4610002DBB42 /* Build configuration list for PBXNativeTarget "InstagramUITests" */;
			buildPhases = (
				7BAD777C535445E0D360DD91 /* [CP] Check Pods Manifest.lock */,
				215F60FC286A4610002DBB42 /* Sources */,
				215F60FD286A4610002DBB42 /* Frameworks */,
				215F60FE286A4610002DBB42 /* Resources */,
				90BC08BB6DF505310F684E01 /* [CP] Embed Pods Frameworks */,
			);
			buildRules = (
			);
			dependencies = (
				215F6102286A4610002DBB42 /* PBXTargetDependency */,
			);
			name = InstagramUITests;
			productName = InstagramUITests;
			productReference = 215F6100286A4610002DBB42 /* InstagramUITests.xctest */;
			productType = "com.apple.product-type.bundle.ui-testing";
		};
/* End PBXNativeTarget section */

/* Begin PBXProject section */
		215F60D3286A460F002DBB42 /* Project object */ = {
			isa = PBXProject;
			attributes = {
				BuildIndependentTargetsInParallel = 1;
				LastUpgradeCheck = 1340;
				TargetAttributes = {
					215F60DA286A460F002DBB42 = {
						CreatedOnToolsVersion = 13.4;
					};
					215F60F5286A4610002DBB42 = {
						CreatedOnToolsVersion = 13.4;
						TestTargetID = 215F60DA286A460F002DBB42;
					};
					215F60FF286A4610002DBB42 = {
						CreatedOnToolsVersion = 13.4;
						TestTargetID = 215F60DA286A460F002DBB42;
					};
				};
			};
			buildConfigurationList = 215F60D6286A460F002DBB42 /* Build configuration list for PBXProject "Instagram" */;
			compatibilityVersion = "Xcode 13.0";
			developmentRegion = en;
			hasScannedForEncodings = 0;
			knownRegions = (
				en,
				Base,
			);
			mainGroup = 215F60D2286A460F002DBB42;
			productRefGroup = 215F60DC286A460F002DBB42 /* Products */;
			projectDirPath = "";
			projectRoot = "";
			targets = (
				215F60DA286A460F002DBB42 /* Instagram */,
				215F60F5286A4610002DBB42 /* InstagramTests */,
				215F60FF286A4610002DBB42 /* InstagramUITests */,
			);
		};
/* End PBXProject section */

/* Begin PBXResourcesBuildPhase section */
		215F60D9286A460F002DBB42 /* Resources */ = {
			isa = PBXResourcesBuildPhase;
			buildActionMask = 2147483647;
			files = (
				215F60EE286A4610002DBB42 /* LaunchScreen.storyboard in Resources */,
				215F60EB286A4610002DBB42 /* Assets.xcassets in Resources */,
				215F60E9286A460F002DBB42 /* Main.storyboard in Resources */,
			);
			runOnlyForDeploymentPostprocessing = 0;
		};
		215F60F4286A4610002DBB42 /* Resources */ = {
			isa = PBXResourcesBuildPhase;
			buildActionMask = 2147483647;
			files = (
			);
			runOnlyForDeploymentPostprocessing = 0;
		};
		215F60FE286A4610002DBB42 /* Resources */ = {
			isa = PBXResourcesBuildPhase;
			buildActionMask = 2147483647;
			files = (
			);
			runOnlyForDeploymentPostprocessing = 0;
		};
/* End PBXResourcesBuildPhase section */

/* Begin PBXShellScriptBuildPhase section */
		2A8E210C39C883B88A22790D /* [CP] Embed Pods Frameworks */ = {
			isa = PBXShellScriptBuildPhase;
			buildActionMask = 2147483647;
			files = (
			);
			inputFileListPaths = (
				"${PODS_ROOT}/Target Support Files/Pods-Instagram/Pods-Instagram-frameworks-${CONFIGURATION}-input-files.xcfilelist",
			);
			name = "[CP] Embed Pods Frameworks";
			outputFileListPaths = (
				"${PODS_ROOT}/Target Support Files/Pods-Instagram/Pods-Instagram-frameworks-${CONFIGURATION}-output-files.xcfilelist",
			);
			runOnlyForDeploymentPostprocessing = 0;
			shellPath = /bin/sh;
			shellScript = "\"${PODS_ROOT}/Target Support Files/Pods-Instagram/Pods-Instagram-frameworks.sh\"\n";
			showEnvVarsInLog = 0;
		};
		3CFCC9652AF766201514656E /* [CP] Check Pods Manifest.lock */ = {
			isa = PBXShellScriptBuildPhase;
			buildActionMask = 2147483647;
			files = (
			);
			inputFileListPaths = (
			);
			inputPaths = (
				"${PODS_PODFILE_DIR_PATH}/Podfile.lock",
				"${PODS_ROOT}/Manifest.lock",
			);
			name = "[CP] Check Pods Manifest.lock";
			outputFileListPaths = (
			);
			outputPaths = (
				"$(DERIVED_FILE_DIR)/Pods-InstagramTests-checkManifestLockResult.txt",
			);
			runOnlyForDeploymentPostprocessing = 0;
			shellPath = /bin/sh;
			shellScript = "diff \"${PODS_PODFILE_DIR_PATH}/Podfile.lock\" \"${PODS_ROOT}/Manifest.lock\" > /dev/null\nif [ $? != 0 ] ; then\n    # print error to STDERR\n    echo \"error: The sandbox is not in sync with the Podfile.lock. Run 'pod install' or update your CocoaPods installation.\" >&2\n    exit 1\nfi\n# This output is used by Xcode 'outputs' to avoid re-running this script phase.\necho \"SUCCESS\" > \"${SCRIPT_OUTPUT_FILE_0}\"\n";
			showEnvVarsInLog = 0;
		};
		5B57B60182BBA9BB91C6F4DD /* [CP] Check Pods Manifest.lock */ = {
			isa = PBXShellScriptBuildPhase;
			buildActionMask = 2147483647;
			files = (
			);
			inputFileListPaths = (
			);
			inputPaths = (
				"${PODS_PODFILE_DIR_PATH}/Podfile.lock",
				"${PODS_ROOT}/Manifest.lock",
			);
			name = "[CP] Check Pods Manifest.lock";
			outputFileListPaths = (
			);
			outputPaths = (
				"$(DERIVED_FILE_DIR)/Pods-Instagram-checkManifestLockResult.txt",
			);
			runOnlyForDeploymentPostprocessing = 0;
			shellPath = /bin/sh;
			shellScript = "diff \"${PODS_PODFILE_DIR_PATH}/Podfile.lock\" \"${PODS_ROOT}/Manifest.lock\" > /dev/null\nif [ $? != 0 ] ; then\n    # print error to STDERR\n    echo \"error: The sandbox is not in sync with the Podfile.lock. Run 'pod install' or update your CocoaPods installation.\" >&2\n    exit 1\nfi\n# This output is used by Xcode 'outputs' to avoid re-running this script phase.\necho \"SUCCESS\" > \"${SCRIPT_OUTPUT_FILE_0}\"\n";
			showEnvVarsInLog = 0;
		};
		7BAD777C535445E0D360DD91 /* [CP] Check Pods Manifest.lock */ = {
			isa = PBXShellScriptBuildPhase;
			buildActionMask = 2147483647;
			files = (
			);
			inputFileListPaths = (
			);
			inputPaths = (
				"${PODS_PODFILE_DIR_PATH}/Podfile.lock",
				"${PODS_ROOT}/Manifest.lock",
			);
			name = "[CP] Check Pods Manifest.lock";
			outputFileListPaths = (
			);
			outputPaths = (
				"$(DERIVED_FILE_DIR)/Pods-Instagram-InstagramUITests-checkManifestLockResult.txt",
			);
			runOnlyForDeploymentPostprocessing = 0;
			shellPath = /bin/sh;
			shellScript = "diff \"${PODS_PODFILE_DIR_PATH}/Podfile.lock\" \"${PODS_ROOT}/Manifest.lock\" > /dev/null\nif [ $? != 0 ] ; then\n    # print error to STDERR\n    echo \"error: The sandbox is not in sync with the Podfile.lock. Run 'pod install' or update your CocoaPods installation.\" >&2\n    exit 1\nfi\n# This output is used by Xcode 'outputs' to avoid re-running this script phase.\necho \"SUCCESS\" > \"${SCRIPT_OUTPUT_FILE_0}\"\n";
			showEnvVarsInLog = 0;
		};
		90BC08BB6DF505310F684E01 /* [CP] Embed Pods Frameworks */ = {
			isa = PBXShellScriptBuildPhase;
			buildActionMask = 2147483647;
			files = (
			);
			inputFileListPaths = (
				"${PODS_ROOT}/Target Support Files/Pods-Instagram-InstagramUITests/Pods-Instagram-InstagramUITests-frameworks-${CONFIGURATION}-input-files.xcfilelist",
			);
			name = "[CP] Embed Pods Frameworks";
			outputFileListPaths = (
				"${PODS_ROOT}/Target Support Files/Pods-Instagram-InstagramUITests/Pods-Instagram-InstagramUITests-frameworks-${CONFIGURATION}-output-files.xcfilelist",
			);
			runOnlyForDeploymentPostprocessing = 0;
			shellPath = /bin/sh;
			shellScript = "\"${PODS_ROOT}/Target Support Files/Pods-Instagram-InstagramUITests/Pods-Instagram-InstagramUITests-frameworks.sh\"\n";
			showEnvVarsInLog = 0;
		};
/* End PBXShellScriptBuildPhase section */

/* Begin PBXSourcesBuildPhase section */
		215F60D7286A460F002DBB42 /* Sources */ = {
			isa = PBXSourcesBuildPhase;
			buildActionMask = 2147483647;
			files = (
				215F60E6286A460F002DBB42 /* ViewController.m in Sources */,
				215F60E0286A460F002DBB42 /* AppDelegate.m in Sources */,
				215F60F1286A4610002DBB42 /* main.m in Sources */,
				215F60E3286A460F002DBB42 /* SceneDelegate.m in Sources */,
				2108332D286A563C00C99655 /* LoginViewController.m in Sources */,
				21083330286A620700C99655 /* TimelineViewController.m in Sources */,
			);
			runOnlyForDeploymentPostprocessing = 0;
		};
		215F60F2286A4610002DBB42 /* Sources */ = {
			isa = PBXSourcesBuildPhase;
			buildActionMask = 2147483647;
			files = (
				215F60FB286A4610002DBB42 /* InstagramTests.m in Sources */,
			);
			runOnlyForDeploymentPostprocessing = 0;
		};
		215F60FC286A4610002DBB42 /* Sources */ = {
			isa = PBXSourcesBuildPhase;
			buildActionMask = 2147483647;
			files = (
				215F6105286A4610002DBB42 /* InstagramUITests.m in Sources */,
				215F6107286A4610002DBB42 /* InstagramUITestsLaunchTests.m in Sources */,
			);
			runOnlyForDeploymentPostprocessing = 0;
		};
/* End PBXSourcesBuildPhase section */

/* Begin PBXTargetDependency section */
		215F60F8286A4610002DBB42 /* PBXTargetDependency */ = {
			isa = PBXTargetDependency;
			target = 215F60DA286A460F002DBB42 /* Instagram */;
			targetProxy = 215F60F7286A4610002DBB42 /* PBXContainerItemProxy */;
		};
		215F6102286A4610002DBB42 /* PBXTargetDependency */ = {
			isa = PBXTargetDependency;
			target = 215F60DA286A460F002DBB42 /* Instagram */;
			targetProxy = 215F6101286A4610002DBB42 /* PBXContainerItemProxy */;
		};
/* End PBXTargetDependency section */

/* Begin PBXVariantGroup section */
		215F60E7286A460F002DBB42 /* Main.storyboard */ = {
			isa = PBXVariantGroup;
			children = (
				215F60E8286A460F002DBB42 /* Base */,
			);
			name = Main.storyboard;
			sourceTree = "<group>";
		};
		215F60EC286A4610002DBB42 /* LaunchScreen.storyboard */ = {
			isa = PBXVariantGroup;
			children = (
				215F60ED286A4610002DBB42 /* Base */,
			);
			name = LaunchScreen.storyboard;
			sourceTree = "<group>";
		};
/* End PBXVariantGroup section */

/* Begin XCBuildConfiguration section */
		215F6108286A4610002DBB42 /* Debug */ = {
			isa = XCBuildConfiguration;
			buildSettings = {
				ALWAYS_SEARCH_USER_PATHS = NO;
				CLANG_ANALYZER_NONNULL = YES;
				CLANG_ANALYZER_NUMBER_OBJECT_CONVERSION = YES_AGGRESSIVE;
				CLANG_CXX_LANGUAGE_STANDARD = "gnu++17";
				CLANG_ENABLE_MODULES = YES;
				CLANG_ENABLE_OBJC_ARC = YES;
				CLANG_ENABLE_OBJC_WEAK = YES;
				CLANG_WARN_BLOCK_CAPTURE_AUTORELEASING = YES;
				CLANG_WARN_BOOL_CONVERSION = YES;
				CLANG_WARN_COMMA = YES;
				CLANG_WARN_CONSTANT_CONVERSION = YES;
				CLANG_WARN_DEPRECATED_OBJC_IMPLEMENTATIONS = YES;
				CLANG_WARN_DIRECT_OBJC_ISA_USAGE = YES_ERROR;
				CLANG_WARN_DOCUMENTATION_COMMENTS = YES;
				CLANG_WARN_EMPTY_BODY = YES;
				CLANG_WARN_ENUM_CONVERSION = YES;
				CLANG_WARN_INFINITE_RECURSION = YES;
				CLANG_WARN_INT_CONVERSION = YES;
				CLANG_WARN_NON_LITERAL_NULL_CONVERSION = YES;
				CLANG_WARN_OBJC_IMPLICIT_RETAIN_SELF = YES;
				CLANG_WARN_OBJC_LITERAL_CONVERSION = YES;
				CLANG_WARN_OBJC_ROOT_CLASS = YES_ERROR;
				CLANG_WARN_QUOTED_INCLUDE_IN_FRAMEWORK_HEADER = YES;
				CLANG_WARN_RANGE_LOOP_ANALYSIS = YES;
				CLANG_WARN_STRICT_PROTOTYPES = YES;
				CLANG_WARN_SUSPICIOUS_MOVE = YES;
				CLANG_WARN_UNGUARDED_AVAILABILITY = YES_AGGRESSIVE;
				CLANG_WARN_UNREACHABLE_CODE = YES;
				CLANG_WARN__DUPLICATE_METHOD_MATCH = YES;
				COPY_PHASE_STRIP = NO;
				DEBUG_INFORMATION_FORMAT = dwarf;
				ENABLE_STRICT_OBJC_MSGSEND = YES;
				ENABLE_TESTABILITY = YES;
				GCC_C_LANGUAGE_STANDARD = gnu11;
				GCC_DYNAMIC_NO_PIC = NO;
				GCC_NO_COMMON_BLOCKS = YES;
				GCC_OPTIMIZATION_LEVEL = 0;
				GCC_PREPROCESSOR_DEFINITIONS = (
					"DEBUG=1",
					"$(inherited)",
				);
				GCC_WARN_64_TO_32_BIT_CONVERSION = YES;
				GCC_WARN_ABOUT_RETURN_TYPE = YES_ERROR;
				GCC_WARN_UNDECLARED_SELECTOR = YES;
				GCC_WARN_UNINITIALIZED_AUTOS = YES_AGGRESSIVE;
				GCC_WARN_UNUSED_FUNCTION = YES;
				GCC_WARN_UNUSED_VARIABLE = YES;
				IPHONEOS_DEPLOYMENT_TARGET = 15.5;
				MTL_ENABLE_DEBUG_INFO = INCLUDE_SOURCE;
				MTL_FAST_MATH = YES;
				ONLY_ACTIVE_ARCH = YES;
				SDKROOT = iphoneos;
			};
			name = Debug;
		};
		215F6109286A4610002DBB42 /* Release */ = {
			isa = XCBuildConfiguration;
			buildSettings = {
				ALWAYS_SEARCH_USER_PATHS = NO;
				CLANG_ANALYZER_NONNULL = YES;
				CLANG_ANALYZER_NUMBER_OBJECT_CONVERSION = YES_AGGRESSIVE;
				CLANG_CXX_LANGUAGE_STANDARD = "gnu++17";
				CLANG_ENABLE_MODULES = YES;
				CLANG_ENABLE_OBJC_ARC = YES;
				CLANG_ENABLE_OBJC_WEAK = YES;
				CLANG_WARN_BLOCK_CAPTURE_AUTORELEASING = YES;
				CLANG_WARN_BOOL_CONVERSION = YES;
				CLANG_WARN_COMMA = YES;
				CLANG_WARN_CONSTANT_CONVERSION = YES;
				CLANG_WARN_DEPRECATED_OBJC_IMPLEMENTATIONS = YES;
				CLANG_WARN_DIRECT_OBJC_ISA_USAGE = YES_ERROR;
				CLANG_WARN_DOCUMENTATION_COMMENTS = YES;
				CLANG_WARN_EMPTY_BODY = YES;
				CLANG_WARN_ENUM_CONVERSION = YES;
				CLANG_WARN_INFINITE_RECURSION = YES;
				CLANG_WARN_INT_CONVERSION = YES;
				CLANG_WARN_NON_LITERAL_NULL_CONVERSION = YES;
				CLANG_WARN_OBJC_IMPLICIT_RETAIN_SELF = YES;
				CLANG_WARN_OBJC_LITERAL_CONVERSION = YES;
				CLANG_WARN_OBJC_ROOT_CLASS = YES_ERROR;
				CLANG_WARN_QUOTED_INCLUDE_IN_FRAMEWORK_HEADER = YES;
				CLANG_WARN_RANGE_LOOP_ANALYSIS = YES;
				CLANG_WARN_STRICT_PROTOTYPES = YES;
				CLANG_WARN_SUSPICIOUS_MOVE = YES;
				CLANG_WARN_UNGUARDED_AVAILABILITY = YES_AGGRESSIVE;
				CLANG_WARN_UNREACHABLE_CODE = YES;
				CLANG_WARN__DUPLICATE_METHOD_MATCH = YES;
				COPY_PHASE_STRIP = NO;
				DEBUG_INFORMATION_FORMAT = "dwarf-with-dsym";
				ENABLE_NS_ASSERTIONS = NO;
				ENABLE_STRICT_OBJC_MSGSEND = YES;
				GCC_C_LANGUAGE_STANDARD = gnu11;
				GCC_NO_COMMON_BLOCKS = YES;
				GCC_WARN_64_TO_32_BIT_CONVERSION = YES;
				GCC_WARN_ABOUT_RETURN_TYPE = YES_ERROR;
				GCC_WARN_UNDECLARED_SELECTOR = YES;
				GCC_WARN_UNINITIALIZED_AUTOS = YES_AGGRESSIVE;
				GCC_WARN_UNUSED_FUNCTION = YES;
				GCC_WARN_UNUSED_VARIABLE = YES;
				IPHONEOS_DEPLOYMENT_TARGET = 15.5;
				MTL_ENABLE_DEBUG_INFO = NO;
				MTL_FAST_MATH = YES;
				SDKROOT = iphoneos;
				VALIDATE_PRODUCT = YES;
			};
			name = Release;
		};
		215F610B286A4610002DBB42 /* Debug */ = {
			isa = XCBuildConfiguration;
			baseConfigurationReference = 2EDCE11C1F33056819D84E65 /* Pods-Instagram.debug.xcconfig */;
			buildSettings = {
				ASSETCATALOG_COMPILER_APPICON_NAME = AppIcon;
				ASSETCATALOG_COMPILER_GLOBAL_ACCENT_COLOR_NAME = AccentColor;
				CODE_SIGN_STYLE = Automatic;
				CURRENT_PROJECT_VERSION = 1;
				GENERATE_INFOPLIST_FILE = YES;
				INFOPLIST_FILE = Instagram/Info.plist;
				INFOPLIST_KEY_UIApplicationSupportsIndirectInputEvents = YES;
				INFOPLIST_KEY_UILaunchStoryboardName = LaunchScreen;
				INFOPLIST_KEY_UIMainStoryboardFile = Main;
				INFOPLIST_KEY_UISupportedInterfaceOrientations_iPad = "UIInterfaceOrientationPortrait UIInterfaceOrientationPortraitUpsideDown UIInterfaceOrientationLandscapeLeft UIInterfaceOrientationLandscapeRight";
				INFOPLIST_KEY_UISupportedInterfaceOrientations_iPhone = "UIInterfaceOrientationPortrait UIInterfaceOrientationLandscapeLeft UIInterfaceOrientationLandscapeRight";
				LD_RUNPATH_SEARCH_PATHS = (
					"$(inherited)",
					"@executable_path/Frameworks",
				);
				MARKETING_VERSION = 1.0;
				PRODUCT_BUNDLE_IDENTIFIER = com.nikitaag.Instagram;
				PRODUCT_NAME = "$(TARGET_NAME)";
				SWIFT_EMIT_LOC_STRINGS = YES;
				TARGETED_DEVICE_FAMILY = "1,2";
			};
			name = Debug;
		};
		215F610C286A4610002DBB42 /* Release */ = {
			isa = XCBuildConfiguration;
			baseConfigurationReference = FFC85C53959150F59222885A /* Pods-Instagram.release.xcconfig */;
			buildSettings = {
				ASSETCATALOG_COMPILER_APPICON_NAME = AppIcon;
				ASSETCATALOG_COMPILER_GLOBAL_ACCENT_COLOR_NAME = AccentColor;
				CODE_SIGN_STYLE = Automatic;
				CURRENT_PROJECT_VERSION = 1;
				GENERATE_INFOPLIST_FILE = YES;
				INFOPLIST_FILE = Instagram/Info.plist;
				INFOPLIST_KEY_UIApplicationSupportsIndirectInputEvents = YES;
				INFOPLIST_KEY_UILaunchStoryboardName = LaunchScreen;
				INFOPLIST_KEY_UIMainStoryboardFile = Main;
				INFOPLIST_KEY_UISupportedInterfaceOrientations_iPad = "UIInterfaceOrientationPortrait UIInterfaceOrientationPortraitUpsideDown UIInterfaceOrientationLandscapeLeft UIInterfaceOrientationLandscapeRight";
				INFOPLIST_KEY_UISupportedInterfaceOrientations_iPhone = "UIInterfaceOrientationPortrait UIInterfaceOrientationLandscapeLeft UIInterfaceOrientationLandscapeRight";
				LD_RUNPATH_SEARCH_PATHS = (
					"$(inherited)",
					"@executable_path/Frameworks",
				);
				MARKETING_VERSION = 1.0;
				PRODUCT_BUNDLE_IDENTIFIER = com.nikitaag.Instagram;
				PRODUCT_NAME = "$(TARGET_NAME)";
				SWIFT_EMIT_LOC_STRINGS = YES;
				TARGETED_DEVICE_FAMILY = "1,2";
			};
			name = Release;
		};
		215F610E286A4610002DBB42 /* Debug */ = {
			isa = XCBuildConfiguration;
			baseConfigurationReference = 8DC9E634E4482E0D765A40F3 /* Pods-InstagramTests.debug.xcconfig */;
			buildSettings = {
				BUNDLE_LOADER = "$(TEST_HOST)";
				CODE_SIGN_STYLE = Automatic;
				CURRENT_PROJECT_VERSION = 1;
				GENERATE_INFOPLIST_FILE = YES;
				IPHONEOS_DEPLOYMENT_TARGET = 15.5;
				MARKETING_VERSION = 1.0;
				PRODUCT_BUNDLE_IDENTIFIER = com.nikitaag.InstagramTests;
				PRODUCT_NAME = "$(TARGET_NAME)";
				SWIFT_EMIT_LOC_STRINGS = NO;
				TARGETED_DEVICE_FAMILY = "1,2";
				TEST_HOST = "$(BUILT_PRODUCTS_DIR)/Instagram.app/Instagram";
			};
			name = Debug;
		};
		215F610F286A4610002DBB42 /* Release */ = {
			isa = XCBuildConfiguration;
			baseConfigurationReference = 02693D233166F2F55FF095CF /* Pods-InstagramTests.release.xcconfig */;
			buildSettings = {
				BUNDLE_LOADER = "$(TEST_HOST)";
				CODE_SIGN_STYLE = Automatic;
				CURRENT_PROJECT_VERSION = 1;
				GENERATE_INFOPLIST_FILE = YES;
				IPHONEOS_DEPLOYMENT_TARGET = 15.5;
				MARKETING_VERSION = 1.0;
				PRODUCT_BUNDLE_IDENTIFIER = com.nikitaag.InstagramTests;
				PRODUCT_NAME = "$(TARGET_NAME)";
				SWIFT_EMIT_LOC_STRINGS = NO;
				TARGETED_DEVICE_FAMILY = "1,2";
				TEST_HOST = "$(BUILT_PRODUCTS_DIR)/Instagram.app/Instagram";
			};
			name = Release;
		};
		215F6111286A4610002DBB42 /* Debug */ = {
			isa = XCBuildConfiguration;
			baseConfigurationReference = 1E7DD8419D7D37DDEA333D8A /* Pods-Instagram-InstagramUITests.debug.xcconfig */;
			buildSettings = {
				CODE_SIGN_STYLE = Automatic;
				CURRENT_PROJECT_VERSION = 1;
				GENERATE_INFOPLIST_FILE = YES;
				MARKETING_VERSION = 1.0;
				PRODUCT_BUNDLE_IDENTIFIER = com.nikitaag.InstagramUITests;
				PRODUCT_NAME = "$(TARGET_NAME)";
				SWIFT_EMIT_LOC_STRINGS = NO;
				TARGETED_DEVICE_FAMILY = "1,2";
				TEST_TARGET_NAME = Instagram;
			};
			name = Debug;
		};
		215F6112286A4610002DBB42 /* Release */ = {
			isa = XCBuildConfiguration;
			baseConfigurationReference = 9CC04C671D7E52DD998798AC /* Pods-Instagram-InstagramUITests.release.xcconfig */;
			buildSettings = {
				CODE_SIGN_STYLE = Automatic;
				CURRENT_PROJECT_VERSION = 1;
				GENERATE_INFOPLIST_FILE = YES;
				MARKETING_VERSION = 1.0;
				PRODUCT_BUNDLE_IDENTIFIER = com.nikitaag.InstagramUITests;
				PRODUCT_NAME = "$(TARGET_NAME)";
				SWIFT_EMIT_LOC_STRINGS = NO;
				TARGETED_DEVICE_FAMILY = "1,2";
				TEST_TARGET_NAME = Instagram;
			};
			name = Release;
		};
/* End XCBuildConfiguration section */

/* Begin XCConfigurationList section */
		215F60D6286A460F002DBB42 /* Build configuration list for PBXProject "Instagram" */ = {
			isa = XCConfigurationList;
			buildConfigurations = (
				215F6108286A4610002DBB42 /* Debug */,
				215F6109286A4610002DBB42 /* Release */,
			);
			defaultConfigurationIsVisible = 0;
			defaultConfigurationName = Release;
		};
		215F610A286A4610002DBB42 /* Build configuration list for PBXNativeTarget "Instagram" */ = {
			isa = XCConfigurationList;
			buildConfigurations = (
				215F610B286A4610002DBB42 /* Debug */,
				215F610C286A4610002DBB42 /* Release */,
			);
			defaultConfigurationIsVisible = 0;
			defaultConfigurationName = Release;
		};
		215F610D286A4610002DBB42 /* Build configuration list for PBXNativeTarget "InstagramTests" */ = {
			isa = XCConfigurationList;
			buildConfigurations = (
				215F610E286A4610002DBB42 /* Debug */,
				215F610F286A4610002DBB42 /* Release */,
			);
			defaultConfigurationIsVisible = 0;
			defaultConfigurationName = Release;
		};
		215F6110286A4610002DBB42 /* Build configuration list for PBXNativeTarget "InstagramUITests" */ = {
			isa = XCConfigurationList;
			buildConfigurations = (
				215F6111286A4610002DBB42 /* Debug */,
				215F6112286A4610002DBB42 /* Release */,
			);
			defaultConfigurationIsVisible = 0;
			defaultConfigurationName = Release;
		};
/* End XCConfigurationList section */
	};
	rootObject = 215F60D3286A460F002DBB42 /* Project object */;
}
